// !$*UTF8*$!
{
	archiveVersion = 1;
	classes = {
	};
	objectVersion = 46;
	objects = {

/* Begin PBXBuildFile section */
		397E58FB1EA4A666001B2001 /* AppDelegate.swift in Sources */ = {isa = PBXBuildFile; fileRef = 397E58FA1EA4A666001B2001 /* AppDelegate.swift */; };
		397E58FD1EA4A666001B2001 /* ViewController.swift in Sources */ = {isa = PBXBuildFile; fileRef = 397E58FC1EA4A666001B2001 /* ViewController.swift */; };
		397E59001EA4A666001B2001 /* Main.storyboard in Resources */ = {isa = PBXBuildFile; fileRef = 397E58FE1EA4A666001B2001 /* Main.storyboard */; };
		397E59021EA4A666001B2001 /* Assets.xcassets in Resources */ = {isa = PBXBuildFile; fileRef = 397E59011EA4A666001B2001 /* Assets.xcassets */; };
		397E59051EA4A666001B2001 /* LaunchScreen.storyboard in Resources */ = {isa = PBXBuildFile; fileRef = 397E59031EA4A666001B2001 /* LaunchScreen.storyboard */; };
		397E59101EA4A666001B2001 /* Swift_tipsTests.swift in Sources */ = {isa = PBXBuildFile; fileRef = 397E590F1EA4A666001B2001 /* Swift_tipsTests.swift */; };
		397E591B1EA4A666001B2001 /* Swift_tipsUITests.swift in Sources */ = {isa = PBXBuildFile; fileRef = 397E591A1EA4A666001B2001 /* Swift_tipsUITests.swift */; };
/* End PBXBuildFile section */

/* Begin PBXContainerItemProxy section */
		397E590C1EA4A666001B2001 /* PBXContainerItemProxy */ = {
			isa = PBXContainerItemProxy;
			containerPortal = 397E58EF1EA4A665001B2001 /* Project object */;
			proxyType = 1;
			remoteGlobalIDString = 397E58F61EA4A666001B2001;
			remoteInfo = Swift_tips;
		};
		397E59171EA4A666001B2001 /* PBXContainerItemProxy */ = {
			isa = PBXContainerItemProxy;
			containerPortal = 397E58EF1EA4A665001B2001 /* Project object */;
			proxyType = 1;
			remoteGlobalIDString = 397E58F61EA4A666001B2001;
			remoteInfo = Swift_tips;
		};
/* End PBXContainerItemProxy section */

/* Begin PBXFileReference section */
		397E58F71EA4A666001B2001 /* Swift_tips.app */ = {isa = PBXFileReference; explicitFileType = wrapper.application; includeInIndex = 0; path = Swift_tips.app; sourceTree = BUILT_PRODUCTS_DIR; };
		397E58FA1EA4A666001B2001 /* AppDelegate.swift */ = {isa = PBXFileReference; lastKnownFileType = sourcecode.swift; path = AppDelegate.swift; sourceTree = "<group>"; };
		397E58FC1EA4A666001B2001 /* ViewController.swift */ = {isa = PBXFileReference; lastKnownFileType = sourcecode.swift; path = ViewController.swift; sourceTree = "<group>"; };
		397E58FF1EA4A666001B2001 /* Base */ = {isa = PBXFileReference; lastKnownFileType = file.storyboard; name = Base; path = Base.lproj/Main.storyboard; sourceTree = "<group>"; };
		397E59011EA4A666001B2001 /* Assets.xcassets */ = {isa = PBXFileReference; lastKnownFileType = folder.assetcatalog; path = Assets.xcassets; sourceTree = "<group>"; };
		397E59041EA4A666001B2001 /* Base */ = {isa = PBXFileReference; lastKnownFileType = file.storyboard; name = Base; path = Base.lproj/LaunchScreen.storyboard; sourceTree = "<group>"; };
		397E59061EA4A666001B2001 /* Info.plist */ = {isa = PBXFileReference; lastKnownFileType = text.plist.xml; path = Info.plist; sourceTree = "<group>"; };
		397E590B1EA4A666001B2001 /* Swift_tipsTests.xctest */ = {isa = PBXFileReference; explicitFileType = wrapper.cfbundle; includeInIndex = 0; path = Swift_tipsTests.xctest; sourceTree = BUILT_PRODUCTS_DIR; };
		397E590F1EA4A666001B2001 /* Swift_tipsTests.swift */ = {isa = PBXFileReference; lastKnownFileType = sourcecode.swift; path = Swift_tipsTests.swift; sourceTree = "<group>"; };
		397E59111EA4A666001B2001 /* Info.plist */ = {isa = PBXFileReference; lastKnownFileType = text.plist.xml; path = Info.plist; sourceTree = "<group>"; };
		397E59161EA4A666001B2001 /* Swift_tipsUITests.xctest */ = {isa = PBXFileReference; explicitFileType = wrapper.cfbundle; includeInIndex = 0; path = Swift_tipsUITests.xctest; sourceTree = BUILT_PRODUCTS_DIR; };
		397E591A1EA4A666001B2001 /* Swift_tipsUITests.swift */ = {isa = PBXFileReference; lastKnownFileType = sourcecode.swift; path = Swift_tipsUITests.swift; sourceTree = "<group>"; };
		397E591C1EA4A666001B2001 /* Info.plist */ = {isa = PBXFileReference; lastKnownFileType = text.plist.xml; path = Info.plist; sourceTree = "<group>"; };
/* End PBXFileReference section */

/* Begin PBXFrameworksBuildPhase section */
		397E58F41EA4A666001B2001 /* Frameworks */ = {
			isa = PBXFrameworksBuildPhase;
			buildActionMask = 2147483647;
			files = (
			);
			runOnlyForDeploymentPostprocessing = 0;
		};
		397E59081EA4A666001B2001 /* Frameworks */ = {
			isa = PBXFrameworksBuildPhase;
			buildActionMask = 2147483647;
			files = (
			);
			runOnlyForDeploymentPostprocessing = 0;
		};
		397E59131EA4A666001B2001 /* Frameworks */ = {
			isa = PBXFrameworksBuildPhase;
			buildActionMask = 2147483647;
			files = (
			);
			runOnlyForDeploymentPostprocessing = 0;
		};
/* End PBXFrameworksBuildPhase section */

/* Begin PBXGroup section */
		397E58EE1EA4A665001B2001 = {
			isa = PBXGroup;
			children = (
				397E58F91EA4A666001B2001 /* Swift_tips */,
				397E590E1EA4A666001B2001 /* Swift_tipsTests */,
				397E59191EA4A666001B2001 /* Swift_tipsUITests */,
				397E58F81EA4A666001B2001 /* Products */,
			);
			sourceTree = "<group>";
		};
		397E58F81EA4A666001B2001 /* Products */ = {
			isa = PBXGroup;
			children = (
				397E58F71EA4A666001B2001 /* Swift_tips.app */,
				397E590B1EA4A666001B2001 /* Swift_tipsTests.xctest */,
				397E59161EA4A666001B2001 /* Swift_tipsUITests.xctest */,
			);
			name = Products;
			sourceTree = "<group>";
		};
		397E58F91EA4A666001B2001 /* Swift_tips */ = {
			isa = PBXGroup;
			children = (
				397E58FA1EA4A666001B2001 /* AppDelegate.swift */,
				397E58FC1EA4A666001B2001 /* ViewController.swift */,
				397E58FE1EA4A666001B2001 /* Main.storyboard */,
				397E59011EA4A666001B2001 /* Assets.xcassets */,
				397E59031EA4A666001B2001 /* LaunchScreen.storyboard */,
				397E59061EA4A666001B2001 /* Info.plist */,
			);
			path = Swift_tips;
			sourceTree = "<group>";
		};
		397E590E1EA4A666001B2001 /* Swift_tipsTests */ = {
			isa = PBXGroup;
			children = (
				397E590F1EA4A666001B2001 /* Swift_tipsTests.swift */,
				397E59111EA4A666001B2001 /* Info.plist */,
			);
			path = Swift_tipsTests;
			sourceTree = "<group>";
		};
		397E59191EA4A666001B2001 /* Swift_tipsUITests */ = {
			isa = PBXGroup;
			children = (
				397E591A1EA4A666001B2001 /* Swift_tipsUITests.swift */,
				397E591C1EA4A666001B2001 /* Info.plist */,
			);
			path = Swift_tipsUITests;
			sourceTree = "<group>";
		};
/* End PBXGroup section */

/* Begin PBXNativeTarget section */
		397E58F61EA4A666001B2001 /* Swift_tips */ = {
			isa = PBXNativeTarget;
			buildConfigurationList = 397E591F1EA4A666001B2001 /* Build configuration list for PBXNativeTarget "Swift_tips" */;
			buildPhases = (
				397E58F31EA4A666001B2001 /* Sources */,
				397E58F41EA4A666001B2001 /* Frameworks */,
				397E58F51EA4A666001B2001 /* Resources */,
			);
			buildRules = (
			);
			dependencies = (
			);
			name = Swift_tips;
			productName = Swift_tips;
			productReference = 397E58F71EA4A666001B2001 /* Swift_tips.app */;
			productType = "com.apple.product-type.application";
		};
		397E590A1EA4A666001B2001 /* Swift_tipsTests */ = {
			isa = PBXNativeTarget;
			buildConfigurationList = 397E59221EA4A666001B2001 /* Build configuration list for PBXNativeTarget "Swift_tipsTests" */;
			buildPhases = (
				397E59071EA4A666001B2001 /* Sources */,
				397E59081EA4A666001B2001 /* Frameworks */,
				397E59091EA4A666001B2001 /* Resources */,
			);
			buildRules = (
			);
			dependencies = (
				397E590D1EA4A666001B2001 /* PBXTargetDependency */,
			);
			name = Swift_tipsTests;
			productName = Swift_tipsTests;
			productReference = 397E590B1EA4A666001B2001 /* Swift_tipsTests.xctest */;
			productType = "com.apple.product-type.bundle.unit-test";
		};
		397E59151EA4A666001B2001 /* Swift_tipsUITests */ = {
			isa = PBXNativeTarget;
			buildConfigurationList = 397E59251EA4A666001B2001 /* Build configuration list for PBXNativeTarget "Swift_tipsUITests" */;
			buildPhases = (
				397E59121EA4A666001B2001 /* Sources */,
				397E59131EA4A666001B2001 /* Frameworks */,
				397E59141EA4A666001B2001 /* Resources */,
			);
			buildRules = (
			);
			dependencies = (
				397E59181EA4A666001B2001 /* PBXTargetDependency */,
			);
			name = Swift_tipsUITests;
			productName = Swift_tipsUITests;
			productReference = 397E59161EA4A666001B2001 /* Swift_tipsUITests.xctest */;
			productType = "com.apple.product-type.bundle.ui-testing";
		};
/* End PBXNativeTarget section */

/* Begin PBXProject section */
		397E58EF1EA4A665001B2001 /* Project object */ = {
			isa = PBXProject;
			attributes = {
				LastSwiftUpdateCheck = 0830;
				LastUpgradeCheck = 0830;
				ORGANIZATIONNAME = "jashon jack";
				TargetAttributes = {
					397E58F61EA4A666001B2001 = {
						CreatedOnToolsVersion = 8.3.1;
						DevelopmentTeam = 9KXYK78MW8;
						ProvisioningStyle = Automatic;
					};
					397E590A1EA4A666001B2001 = {
						CreatedOnToolsVersion = 8.3.1;
						DevelopmentTeam = 9KXYK78MW8;
						ProvisioningStyle = Automatic;
						TestTargetID = 397E58F61EA4A666001B2001;
					};
					397E59151EA4A666001B2001 = {
						CreatedOnToolsVersion = 8.3.1;
						DevelopmentTeam = 9KXYK78MW8;
						ProvisioningStyle = Automatic;
						TestTargetID = 397E58F61EA4A666001B2001;
					};
				};
			};
			buildConfigurationList = 397E58F21EA4A665001B2001 /* Build configuration list for PBXProject "Swift_tips" */;
			compatibilityVersion = "Xcode 3.2";
			developmentRegion = English;
			hasScannedForEncodings = 0;
			knownRegions = (
				en,
				Base,
			);
			mainGroup = 397E58EE1EA4A665001B2001;
			productRefGroup = 397E58F81EA4A666001B2001 /* Products */;
			projectDirPath = "";
			projectRoot = "";
			targets = (
				397E58F61EA4A666001B2001 /* Swift_tips */,
				397E590A1EA4A666001B2001 /* Swift_tipsTests */,
				397E59151EA4A666001B2001 /* Swift_tipsUITests */,
			);
		};
/* End PBXProject section */

/* Begin PBXResourcesBuildPhase section */
		397E58F51EA4A666001B2001 /* Resources */ = {
			isa = PBXResourcesBuildPhase;
			buildActionMask = 2147483647;
			files = (
				397E59051EA4A666001B2001 /* LaunchScreen.storyboard in Resources */,
				397E59021EA4A666001B2001 /* Assets.xcassets in Resources */,
				397E59001EA4A666001B2001 /* Main.storyboard in Resources */,
			);
			runOnlyForDeploymentPostprocessing = 0;
		};
		397E59091EA4A666001B2001 /* Resources */ = {
			isa = PBXResourcesBuildPhase;
			buildActionMask = 2147483647;
			files = (
			);
			runOnlyForDeploymentPostprocessing = 0;
		};
		397E59141EA4A666001B2001 /* Resources */ = {
			isa = PBXResourcesBuildPhase;
			buildActionMask = 2147483647;
			files = (
			);
			runOnlyForDeploymentPostprocessing = 0;
		};
/* End PBXResourcesBuildPhase section */

/* Begin PBXSourcesBuildPhase section */
		397E58F31EA4A666001B2001 /* Sources */ = {
			isa = PBXSourcesBuildPhase;
			buildActionMask = 2147483647;
			files = (
				397E58FD1EA4A666001B2001 /* ViewController.swift in Sources */,
				397E58FB1EA4A666001B2001 /* AppDelegate.swift in Sources */,
			);
			runOnlyForDeploymentPostprocessing = 0;
		};
		397E59071EA4A666001B2001 /* Sources */ = {
			isa = PBXSourcesBuildPhase;
			buildActionMask = 2147483647;
			files = (
				397E59101EA4A666001B2001 /* Swift_tipsTests.swift in Sources */,
			);
			runOnlyForDeploymentPostprocessing = 0;
		};
		397E59121EA4A666001B2001 /* Sources */ = {
			isa = PBXSourcesBuildPhase;
			buildActionMask = 2147483647;
			files = (
				397E591B1EA4A666001B2001 /* Swift_tipsUITests.swift in Sources */,
			);
			runOnlyForDeploymentPostprocessing = 0;
		};
/* End PBXSourcesBuildPhase section */

/* Begin PBXTargetDependency section */
		397E590D1EA4A666001B2001 /* PBXTargetDependency */ = {
			isa = PBXTargetDependency;
			target = 397E58F61EA4A666001B2001 /* Swift_tips */;
			targetProxy = 397E590C1EA4A666001B2001 /* PBXContainerItemProxy */;
		};
		397E59181EA4A666001B2001 /* PBXTargetDependency */ = {
			isa = PBXTargetDependency;
			target = 397E58F61EA4A666001B2001 /* Swift_tips */;
			targetProxy = 397E59171EA4A666001B2001 /* PBXContainerItemProxy */;
		};
/* End PBXTargetDependency section */

/* Begin PBXVariantGroup section */
		397E58FE1EA4A666001B2001 /* Main.storyboard */ = {
			isa = PBXVariantGroup;
			children = (
				397E58FF1EA4A666001B2001 /* Base */,
			);
			name = Main.storyboard;
			sourceTree = "<group>";
		};
		397E59031EA4A666001B2001 /* LaunchScreen.storyboard */ = {
			isa = PBXVariantGroup;
			children = (
				397E59041EA4A666001B2001 /* Base */,
			);
			name = LaunchScreen.storyboard;
			sourceTree = "<group>";
		};
/* End PBXVariantGroup section */

/* Begin XCBuildConfiguration section */
		397E591D1EA4A666001B2001 /* Debug */ = {
			isa = XCBuildConfiguration;
			buildSettings = {
				ALWAYS_SEARCH_USER_PATHS = NO;
				CLANG_ANALYZER_NONNULL = YES;
				CLANG_ANALYZER_NUMBER_OBJECT_CONVERSION = YES_AGGRESSIVE;
				CLANG_CXX_LANGUAGE_STANDARD = "gnu++0x";
				CLANG_CXX_LIBRARY = "libc++";
				CLANG_ENABLE_MODULES = YES;
				CLANG_ENABLE_OBJC_ARC = YES;
				CLANG_WARN_BOOL_CONVERSION = YES;
				CLANG_WARN_CONSTANT_CONVERSION = YES;
				CLANG_WARN_DIRECT_OBJC_ISA_USAGE = YES_ERROR;
				CLANG_WARN_DOCUMENTATION_COMMENTS = YES;
				CLANG_WARN_EMPTY_BODY = YES;
				CLANG_WARN_ENUM_CONVERSION = YES;
				CLANG_WARN_INFINITE_RECURSION = YES;
				CLANG_WARN_INT_CONVERSION = YES;
				CLANG_WARN_OBJC_ROOT_CLASS = YES_ERROR;
				CLANG_WARN_SUSPICIOUS_MOVE = YES;
				CLANG_WARN_UNREACHABLE_CODE = YES;
				CLANG_WARN__DUPLICATE_METHOD_MATCH = YES;
				"CODE_SIGN_IDENTITY[sdk=iphoneos*]" = "iPhone Developer";
				COPY_PHASE_STRIP = NO;
				DEBUG_INFORMATION_FORMAT = dwarf;
				ENABLE_STRICT_OBJC_MSGSEND = YES;
				ENABLE_TESTABILITY = YES;
				GCC_C_LANGUAGE_STANDARD = gnu99;
				GCC_DYNAMIC_NO_PIC = NO;
				GCC_NO_COMMON_BLOCKS = YES;
				GCC_OPTIMIZATION_LEVEL = 0;
				GCC_PREPROCESSOR_DEFINITIONS = (
					"DEBUG=1",
					"$(inherited)",
				);
				GCC_WARN_64_TO_32_BIT_CONVERSION = YES;
				GCC_WARN_ABOUT_RETURN_TYPE = YES_ERROR;
				GCC_WARN_UNDECLARED_SELECTOR = YES;
				GCC_WARN_UNINITIALIZED_AUTOS = YES_AGGRESSIVE;
				GCC_WARN_UNUSED_FUNCTION = YES;
				GCC_WARN_UNUSED_VARIABLE = YES;
				IPHONEOS_DEPLOYMENT_TARGET = 10.3;
				MTL_ENABLE_DEBUG_INFO = YES;
				ONLY_ACTIVE_ARCH = YES;
				SDKROOT = iphoneos;
				SWIFT_ACTIVE_COMPILATION_CONDITIONS = DEBUG;
				SWIFT_OPTIMIZATION_LEVEL = "-Onone";
				TARGETED_DEVICE_FAMILY = "1,2";
			};
			name = Debug;
		};
		397E591E1EA4A666001B2001 /* Release */ = {
			isa = XCBuildConfiguration;
			buildSettings = {
				ALWAYS_SEARCH_USER_PATHS = NO;
				CLANG_ANALYZER_NONNULL = YES;
				CLANG_ANALYZER_NUMBER_OBJECT_CONVERSION = YES_AGGRESSIVE;
				CLANG_CXX_LANGUAGE_STANDARD = "gnu++0x";
				CLANG_CXX_LIBRARY = "libc++";
				CLANG_ENABLE_MODULES = YES;
				CLANG_ENABLE_OBJC_ARC = YES;
				CLANG_WARN_BOOL_CONVERSION = YES;
				CLANG_WARN_CONSTANT_CONVERSION = YES;
				CLANG_WARN_DIRECT_OBJC_ISA_USAGE = YES_ERROR;
				CLANG_WARN_DOCUMENTATION_COMMENTS = YES;
				CLANG_WARN_EMPTY_BODY = YES;
				CLANG_WARN_ENUM_CONVERSION = YES;
				CLANG_WARN_INFINITE_RECURSION = YES;
				CLANG_WARN_INT_CONVERSION = YES;
				CLANG_WARN_OBJC_ROOT_CLASS = YES_ERROR;
				CLANG_WARN_SUSPICIOUS_MOVE = YES;
				CLANG_WARN_UNREACHABLE_CODE = YES;
				CLANG_WARN__DUPLICATE_METHOD_MATCH = YES;
				"CODE_SIGN_IDENTITY[sdk=iphoneos*]" = "iPhone Developer";
				COPY_PHASE_STRIP = NO;
				DEBUG_INFORMATION_FORMAT = "dwarf-with-dsym";
				ENABLE_NS_ASSERTIONS = NO;
				ENABLE_STRICT_OBJC_MSGSEND = YES;
				GCC_C_LANGUAGE_STANDARD = gnu99;
				GCC_NO_COMMON_BLOCKS = YES;
				GCC_WARN_64_TO_32_BIT_CONVERSION = YES;
				GCC_WARN_ABOUT_RETURN_TYPE = YES_ERROR;
				GCC_WARN_UNDECLARED_SELECTOR = YES;
				GCC_WARN_UNINITIALIZED_AUTOS = YES_AGGRESSIVE;
				GCC_WARN_UNUSED_FUNCTION = YES;
				GCC_WARN_UNUSED_VARIABLE = YES;
				IPHONEOS_DEPLOYMENT_TARGET = 10.3;
				MTL_ENABLE_DEBUG_INFO = NO;
				SDKROOT = iphoneos;
				SWIFT_OPTIMIZATION_LEVEL = "-Owholemodule";
				TARGETED_DEVICE_FAMILY = "1,2";
				VALIDATE_PRODUCT = YES;
			};
			name = Release;
		};
		397E59201EA4A666001B2001 /* Debug */ = {
			isa = XCBuildConfiguration;
			buildSettings = {
				ASSETCATALOG_COMPILER_APPICON_NAME = AppIcon;
				DEVELOPMENT_TEAM = 9KXYK78MW8;
				INFOPLIST_FILE = Swift_tips/Info.plist;
				LD_RUNPATH_SEARCH_PATHS = "$(inherited) @executable_path/Frameworks";
				PRODUCT_BUNDLE_IDENTIFIER = "com.zhengxl.swiftTips.Swift-tips";
				PRODUCT_NAME = "$(TARGET_NAME)";
				SWIFT_VERSION = 3.0;
			};
			name = Debug;
		};
		397E59211EA4A666001B2001 /* Release */ = {
			isa = XCBuildConfiguration;
			buildSettings = {
				ASSETCATALOG_COMPILER_APPICON_NAME = AppIcon;
				DEVELOPMENT_TEAM = 9KXYK78MW8;
				INFOPLIST_FILE = Swift_tips/Info.plist;
				LD_RUNPATH_SEARCH_PATHS = "$(inherited) @executable_path/Frameworks";
				PRODUCT_BUNDLE_IDENTIFIER = "com.zhengxl.swiftTips.Swift-tips";
				PRODUCT_NAME = "$(TARGET_NAME)";
				SWIFT_VERSION = 3.0;
			};
			name = Release;
		};
		397E59231EA4A666001B2001 /* Debug */ = {
			isa = XCBuildConfiguration;
			buildSettings = {
				ALWAYS_EMBED_SWIFT_STANDARD_LIBRARIES = YES;
				BUNDLE_LOADER = "$(TEST_HOST)";
				DEVELOPMENT_TEAM = 9KXYK78MW8;
				INFOPLIST_FILE = Swift_tipsTests/Info.plist;
				LD_RUNPATH_SEARCH_PATHS = "$(inherited) @executable_path/Frameworks @loader_path/Frameworks";
				PRODUCT_BUNDLE_IDENTIFIER = "com.zhengxl.swiftTips.Swift-tipsTests";
				PRODUCT_NAME = "$(TARGET_NAME)";
				SWIFT_VERSION = 3.0;
				TEST_HOST = "$(BUILT_PRODUCTS_DIR)/Swift_tips.app/Swift_tips";
			};
			name = Debug;
		};
		397E59241EA4A666001B2001 /* Release */ = {
			isa = XCBuildConfiguration;
			buildSettings = {
				ALWAYS_EMBED_SWIFT_STANDARD_LIBRARIES = YES;
				BUNDLE_LOADER = "$(TEST_HOST)";
				DEVELOPMENT_TEAM = 9KXYK78MW8;
				INFOPLIST_FILE = Swift_tipsTests/Info.plist;
				LD_RUNPATH_SEARCH_PATHS = "$(inherited) @executable_path/Frameworks @loader_path/Frameworks";
				PRODUCT_BUNDLE_IDENTIFIER = "com.zhengxl.swiftTips.Swift-tipsTests";
				PRODUCT_NAME = "$(TARGET_NAME)";
				SWIFT_VERSION = 3.0;
				TEST_HOST = "$(BUILT_PRODUCTS_DIR)/Swift_tips.app/Swift_tips";
			};
			name = Release;
		};
		397E59261EA4A666001B2001 /* Debug */ = {
			isa = XCBuildConfiguration;
			buildSettings = {
				ALWAYS_EMBED_SWIFT_STANDARD_LIBRARIES = YES;
				DEVELOPMENT_TEAM = 9KXYK78MW8;
				INFOPLIST_FILE = Swift_tipsUITests/Info.plist;
				LD_RUNPATH_SEARCH_PATHS = "$(inherited) @executable_path/Frameworks @loader_path/Frameworks";
				PRODUCT_BUNDLE_IDENTIFIER = "com.zhengxl.swiftTips.Swift-tipsUITests";
				PRODUCT_NAME = "$(TARGET_NAME)";
				SWIFT_VERSION = 3.0;
				TEST_TARGET_NAME = Swift_tips;
			};
			name = Debug;
		};
		397E59271EA4A666001B2001 /* Release */ = {
			isa = XCBuildConfiguration;
			buildSettings = {
				ALWAYS_EMBED_SWIFT_STANDARD_LIBRARIES = YES;
				DEVELOPMENT_TEAM = 9KXYK78MW8;
				INFOPLIST_FILE = Swift_tipsUITests/Info.plist;
				LD_RUNPATH_SEARCH_PATHS = "$(inherited) @executable_path/Frameworks @loader_path/Frameworks";
				PRODUCT_BUNDLE_IDENTIFIER = "com.zhengxl.swiftTips.Swift-tipsUITests";
				PRODUCT_NAME = "$(TARGET_NAME)";
				SWIFT_VERSION = 3.0;
				TEST_TARGET_NAME = Swift_tips;
			};
			name = Release;
		};
/* End XCBuildConfiguration section */

/* Begin XCConfigurationList section */
		397E58F21EA4A665001B2001 /* Build configuration list for PBXProject "Swift_tips" */ = {
			isa = XCConfigurationList;
			buildConfigurations = (
				397E591D1EA4A666001B2001 /* Debug */,
				397E591E1EA4A666001B2001 /* Release */,
			);
			defaultConfigurationIsVisible = 0;
			defaultConfigurationName = Release;
		};
		397E591F1EA4A666001B2001 /* Build configuration list for PBXNativeTarget "Swift_tips" */ = {
			isa = XCConfigurationList;
			buildConfigurations = (
				397E59201EA4A666001B2001 /* Debug */,
				397E59211EA4A666001B2001 /* Release */,
			);
			defaultConfigurationIsVisible = 0;
		};
		397E59221EA4A666001B2001 /* Build configuration list for PBXNativeTarget "Swift_tipsTests" */ = {
			isa = XCConfigurationList;
			buildConfigurations = (
				397E59231EA4A666001B2001 /* Debug */,
				397E59241EA4A666001B2001 /* Release */,
			);
			defaultConfigurationIsVisible = 0;
		};
		397E59251EA4A666001B2001 /* Build configuration list for PBXNativeTarget "Swift_tipsUITests" */ = {
			isa = XCConfigurationList;
			buildConfigurations = (
				397E59261EA4A666001B2001 /* Debug */,
				397E59271EA4A666001B2001 /* Release */,
			);
			defaultConfigurationIsVisible = 0;
		};
/* End XCConfigurationList section */
	};
	rootObject = 397E58EF1EA4A665001B2001 /* Project object */;
}
